
Microsoft Visual Studio Solution File, Format Version 12.00
# Visual Studio Version 17
VisualStudioVersion = 17.7.34221.43
MinimumVisualStudioVersion = 10.0.40219.1
Project("{9A19103F-16F7-4668-BE54-9A1E7A4F7556}") = "APIGateway", "APIGateway\APIGateway.csproj", "{62AC986E-D2C1-475D-BE37-53F75AED67C1}"
EndProject
Project("{2150E333-8FDC-42A3-9474-1A3956D46DE8}") = "Services", "Services", "{77EF6905-9C15-4F2E-81C3-A20B002BCC50}"
EndProject
Project("{FAE04EC0-301F-11D3-BF4B-00C04F79EFBC}") = "Reservation.API", "Services\ReservationAPI\Reservation.API\Reservation.API.csproj", "{7F13E35B-5EDD-4D14-A87E-DC3B841245A6}"
EndProject
Project("{FAE04EC0-301F-11D3-BF4B-00C04F79EFBC}") = "Contact.API", "Services\ContactAPI\Contact.API\Contact.API.csproj", "{24E399B4-F0A9-4ECD-A85C-9ECA853EA1D7}"
EndProject
Project("{2150E333-8FDC-42A3-9474-1A3956D46DE8}") = "Contact", "Contact", "{3161CE8B-D60F-4889-82E6-42F34A67B0EB}"
EndProject
Project("{2150E333-8FDC-42A3-9474-1A3956D46DE8}") = "Reservation", "Reservation", "{3325A099-5DB0-442C-98B8-71EA9147F85C}"
EndProject
Project("{FAE04EC0-301F-11D3-BF4B-00C04F79EFBC}") = "Contact.API.Infrastructure", "Services\ContactAPI\Contact.API.Infrastructure\Contact.API.Infrastructure.csproj", "{967C9566-1D1D-4836-842B-19443E7C56A3}"
EndProject
Project("{FAE04EC0-301F-11D3-BF4B-00C04F79EFBC}") = "Contact.API.Models", "Services\ContactAPI\Contact.API.Models\Contact.API.Models.csproj", "{C42C5AC2-D55D-4304-9A09-979F80EEC1EB}"
EndProject
Project("{FAE04EC0-301F-11D3-BF4B-00C04F79EFBC}") = "Contact.API.Services", "Services\ContactAPI\Contact.API.Services\Contact.API.Services.csproj", "{868F430B-8786-402B-A492-42C15C8127B9}"
EndProject
Project("{FAE04EC0-301F-11D3-BF4B-00C04F79EFBC}") = "Reservation.API.Infrastructure", "Services\ReservationAPI\Reservation.API.Infrastructure\Reservation.API.Infrastructure.csproj", "{6DBC05FC-127B-4DBD-BB75-4FDC4D867CA9}"
EndProject
Project("{FAE04EC0-301F-11D3-BF4B-00C04F79EFBC}") = "Reservation.API.Services", "Services\ReservationAPI\Reservation.API.Services\Reservation.API.Services.csproj", "{7A521E90-7F1B-4CBE-89C1-01746FE29534}"
EndProject
Project("{FAE04EC0-301F-11D3-BF4B-00C04F79EFBC}") = "Reservation.API.Models", "Services\ReservationAPI\Reservation.API.Models\Reservation.API.Models.csproj", "{87A6E8F0-9686-487C-A9EB-AC08496DB0BE}"
EndProject
Global
	GlobalSection(SolutionConfigurationPlatforms) = preSolution
		Debug|Any CPU = Debug|Any CPU
		Release|Any CPU = Release|Any CPU
	EndGlobalSection
	GlobalSection(ProjectConfigurationPlatforms) = postSolution
		{62AC986E-D2C1-475D-BE37-53F75AED67C1}.Debug|Any CPU.ActiveCfg = Debug|Any CPU
		{62AC986E-D2C1-475D-BE37-53F75AED67C1}.Debug|Any CPU.Build.0 = Debug|Any CPU
		{62AC986E-D2C1-475D-BE37-53F75AED67C1}.Release|Any CPU.ActiveCfg = Release|Any CPU
		{62AC986E-D2C1-475D-BE37-53F75AED67C1}.Release|Any CPU.Build.0 = Release|Any CPU
		{7F13E35B-5EDD-4D14-A87E-DC3B841245A6}.Debug|Any CPU.ActiveCfg = Debug|Any CPU
		{7F13E35B-5EDD-4D14-A87E-DC3B841245A6}.Debug|Any CPU.Build.0 = Debug|Any CPU
		{7F13E35B-5EDD-4D14-A87E-DC3B841245A6}.Release|Any CPU.ActiveCfg = Release|Any CPU
		{7F13E35B-5EDD-4D14-A87E-DC3B841245A6}.Release|Any CPU.Build.0 = Release|Any CPU
		{24E399B4-F0A9-4ECD-A85C-9ECA853EA1D7}.Debug|Any CPU.ActiveCfg = Debug|Any CPU
		{24E399B4-F0A9-4ECD-A85C-9ECA853EA1D7}.Debug|Any CPU.Build.0 = Debug|Any CPU
		{24E399B4-F0A9-4ECD-A85C-9ECA853EA1D7}.Release|Any CPU.ActiveCfg = Release|Any CPU
		{24E399B4-F0A9-4ECD-A85C-9ECA853EA1D7}.Release|Any CPU.Build.0 = Release|Any CPU
		{967C9566-1D1D-4836-842B-19443E7C56A3}.Debug|Any CPU.ActiveCfg = Debug|Any CPU
		{967C9566-1D1D-4836-842B-19443E7C56A3}.Debug|Any CPU.Build.0 = Debug|Any CPU
		{967C9566-1D1D-4836-842B-19443E7C56A3}.Release|Any CPU.ActiveCfg = Release|Any CPU
		{967C9566-1D1D-4836-842B-19443E7C56A3}.Release|Any CPU.Build.0 = Release|Any CPU
		{C42C5AC2-D55D-4304-9A09-979F80EEC1EB}.Debug|Any CPU.ActiveCfg = Debug|Any CPU
		{C42C5AC2-D55D-4304-9A09-979F80EEC1EB}.Debug|Any CPU.Build.0 = Debug|Any CPU
		{C42C5AC2-D55D-4304-9A09-979F80EEC1EB}.Release|Any CPU.ActiveCfg = Release|Any CPU
		{C42C5AC2-D55D-4304-9A09-979F80EEC1EB}.Release|Any CPU.Build.0 = Release|Any CPU
		{868F430B-8786-402B-A492-42C15C8127B9}.Debug|Any CPU.ActiveCfg = Debug|Any CPU
		{868F430B-8786-402B-A492-42C15C8127B9}.Debug|Any CPU.Build.0 = Debug|Any CPU
		{868F430B-8786-402B-A492-42C15C8127B9}.Release|Any CPU.ActiveCfg = Release|Any CPU
		{868F430B-8786-402B-A492-42C15C8127B9}.Release|Any CPU.Build.0 = Release|Any CPU
		{6DBC05FC-127B-4DBD-BB75-4FDC4D867CA9}.Debug|Any CPU.ActiveCfg = Debug|Any CPU
		{6DBC05FC-127B-4DBD-BB75-4FDC4D867CA9}.Debug|Any CPU.Build.0 = Debug|Any CPU
		{6DBC05FC-127B-4DBD-BB75-4FDC4D867CA9}.Release|Any CPU.ActiveCfg = Release|Any CPU
		{6DBC05FC-127B-4DBD-BB75-4FDC4D867CA9}.Release|Any CPU.Build.0 = Release|Any CPU
		{7A521E90-7F1B-4CBE-89C1-01746FE29534}.Debug|Any CPU.ActiveCfg = Debug|Any CPU
		{7A521E90-7F1B-4CBE-89C1-01746FE29534}.Debug|Any CPU.Build.0 = Debug|Any CPU
		{7A521E90-7F1B-4CBE-89C1-01746FE29534}.Release|Any CPU.ActiveCfg = Release|Any CPU
		{7A521E90-7F1B-4CBE-89C1-01746FE29534}.Release|Any CPU.Build.0 = Release|Any CPU
		{87A6E8F0-9686-487C-A9EB-AC08496DB0BE}.Debug|Any CPU.ActiveCfg = Debug|Any CPU
		{87A6E8F0-9686-487C-A9EB-AC08496DB0BE}.Debug|Any CPU.Build.0 = Debug|Any CPU
		{87A6E8F0-9686-487C-A9EB-AC08496DB0BE}.Release|Any CPU.ActiveCfg = Release|Any CPU
		{87A6E8F0-9686-487C-A9EB-AC08496DB0BE}.Release|Any CPU.Build.0 = Release|Any CPU
	EndGlobalSection
	GlobalSection(SolutionProperties) = preSolution
		HideSolutionNode = FALSE
	EndGlobalSection
	GlobalSection(NestedProjects) = preSolution
		{7F13E35B-5EDD-4D14-A87E-DC3B841245A6} = {3325A099-5DB0-442C-98B8-71EA9147F85C}
		{24E399B4-F0A9-4ECD-A85C-9ECA853EA1D7} = {3161CE8B-D60F-4889-82E6-42F34A67B0EB}
		{3161CE8B-D60F-4889-82E6-42F34A67B0EB} = {77EF6905-9C15-4F2E-81C3-A20B002BCC50}
		{3325A099-5DB0-442C-98B8-71EA9147F85C} = {77EF6905-9C15-4F2E-81C3-A20B002BCC50}
		{967C9566-1D1D-4836-842B-19443E7C56A3} = {3161CE8B-D60F-4889-82E6-42F34A67B0EB}
		{C42C5AC2-D55D-4304-9A09-979F80EEC1EB} = {3161CE8B-D60F-4889-82E6-42F34A67B0EB}
		{868F430B-8786-402B-A492-42C15C8127B9} = {3161CE8B-D60F-4889-82E6-42F34A67B0EB}
		{6DBC05FC-127B-4DBD-BB75-4FDC4D867CA9} = {3325A099-5DB0-442C-98B8-71EA9147F85C}
		{7A521E90-7F1B-4CBE-89C1-01746FE29534} = {3325A099-5DB0-442C-98B8-71EA9147F85C}
		{87A6E8F0-9686-487C-A9EB-AC08496DB0BE} = {3325A099-5DB0-442C-98B8-71EA9147F85C}
	EndGlobalSection
	GlobalSection(ExtensibilityGlobals) = postSolution
		SolutionGuid = {D893F6E8-07EA-4664-9AC9-E4C264EF9156}
	EndGlobalSection
EndGlobal
