
Microsoft Visual Studio Solution File, Format Version 12.00
# Visual Studio Version 17
VisualStudioVersion = 17.7.34221.43
MinimumVisualStudioVersion = 10.0.40219.1
Project("{FAE04EC0-301F-11D3-BF4B-00C04F79EFBC}") = "APIGateway", "APIGateway\APIGateway.csproj", "{62AC986E-D2C1-475D-BE37-53F75AED67C1}"
EndProject
Project("{2150E333-8FDC-42A3-9474-1A3956D46DE8}") = "Services", "Services", "{77EF6905-9C15-4F2E-81C3-A20B002BCC50}"
EndProject
Global
	GlobalSection(SolutionConfigurationPlatforms) = preSolution
		Debug|Any CPU = Debug|Any CPU
		Release|Any CPU = Release|Any CPU
	EndGlobalSection
	GlobalSection(ProjectConfigurationPlatforms) = postSolution
		{62AC986E-D2C1-475D-BE37-53F75AED67C1}.Debug|Any CPU.ActiveCfg = Debug|Any CPU
		{62AC986E-D2C1-475D-BE37-53F75AED67C1}.Debug|Any CPU.Build.0 = Debug|Any CPU
		{62AC986E-D2C1-475D-BE37-53F75AED67C1}.Release|Any CPU.ActiveCfg = Release|Any CPU
		{62AC986E-D2C1-475D-BE37-53F75AED67C1}.Release|Any CPU.Build.0 = Release|Any CPU
	EndGlobalSection
	GlobalSection(SolutionProperties) = preSolution
		HideSolutionNode = FALSE
	EndGlobalSection
	GlobalSection(ExtensibilityGlobals) = postSolution
		SolutionGuid = {D893F6E8-07EA-4664-9AC9-E4C264EF9156}
	EndGlobalSection
EndGlobal
